
Microsoft Visual Studio Solution File, Format Version 12.00
Project("{FAE04EC0-301F-11D3-BF4B-00C04F79EFBC}") = "SingularityBack", "SingularityBack.csproj", "{F16E89C8-5481-4273-BA26-FDB323C6FCBA}"
EndProject
Global
	GlobalSection(SolutionConfigurationPlatforms) = preSolution
		Debug|Any CPU = Debug|Any CPU
		Release|Any CPU = Release|Any CPU
	EndGlobalSection
	GlobalSection(ProjectConfigurationPlatforms) = postSolution
		{F16E89C8-5481-4273-BA26-FDB323C6FCBA}.Debug|Any CPU.ActiveCfg = Debug|Any CPU
		{F16E89C8-5481-4273-BA26-FDB323C6FCBA}.Debug|Any CPU.Build.0 = Debug|Any CPU
		{F16E89C8-5481-4273-BA26-FDB323C6FCBA}.Release|Any CPU.ActiveCfg = Release|Any CPU
		{F16E89C8-5481-4273-BA26-FDB323C6FCBA}.Release|Any CPU.Build.0 = Release|Any CPU
	EndGlobalSection
EndGlobal
